
Microsoft Visual Studio Solution File, Format Version 12.00
# Visual Studio Version 17
VisualStudioVersion = 17.6.33815.320
MinimumVisualStudioVersion = 10.0.40219.1
Project("{FAE04EC0-301F-11D3-BF4B-00C04F79EFBC}") = "Scaffolding", "Scaffolding\Scaffolding.csproj", "{EAA20290-E036-43F8-803B-8913410EA930}"
EndProject
Global
	GlobalSection(SolutionConfigurationPlatforms) = preSolution
		Debug|Any CPU = Debug|Any CPU
		Release|Any CPU = Release|Any CPU
	EndGlobalSection
	GlobalSection(ProjectConfigurationPlatforms) = postSolution
		{EAA20290-E036-43F8-803B-8913410EA930}.Debug|Any CPU.ActiveCfg = Debug|Any CPU
		{EAA20290-E036-43F8-803B-8913410EA930}.Debug|Any CPU.Build.0 = Debug|Any CPU
		{EAA20290-E036-43F8-803B-8913410EA930}.Release|Any CPU.ActiveCfg = Release|Any CPU
		{EAA20290-E036-43F8-803B-8913410EA930}.Release|Any CPU.Build.0 = Release|Any CPU
	EndGlobalSection
	GlobalSection(SolutionProperties) = preSolution
		HideSolutionNode = FALSE
	EndGlobalSection
	GlobalSection(ExtensibilityGlobals) = postSolution
		SolutionGuid = {913A9690-8E72-4DD9-AE87-366CB0377158}
	EndGlobalSection
EndGlobal
